
Microsoft Visual Studio Solution File, Format Version 12.00
# Visual Studio Version 16
VisualStudioVersion = 16.0.32106.194
MinimumVisualStudioVersion = 10.0.40219.1
Project("{FAE04EC0-301F-11D3-BF4B-00C04F79EFBC}") = "BT01_Mo_hinh_ngat_ket_noi_Sinh_vien", "BT01_Mo_hinh_ngat_ket_noi_Sinh_vien\BT01_Mo_hinh_ngat_ket_noi_Sinh_vien.csproj", "{4B3B0575-9E5D-40AE-A344-C2C813910BE8}"
EndProject
Global
	GlobalSection(SolutionConfigurationPlatforms) = preSolution
		Debug|Any CPU = Debug|Any CPU
		Release|Any CPU = Release|Any CPU
	EndGlobalSection
	GlobalSection(ProjectConfigurationPlatforms) = postSolution
		{4B3B0575-9E5D-40AE-A344-C2C813910BE8}.Debug|Any CPU.ActiveCfg = Debug|Any CPU
		{4B3B0575-9E5D-40AE-A344-C2C813910BE8}.Debug|Any CPU.Build.0 = Debug|Any CPU
		{4B3B0575-9E5D-40AE-A344-C2C813910BE8}.Release|Any CPU.ActiveCfg = Release|Any CPU
		{4B3B0575-9E5D-40AE-A344-C2C813910BE8}.Release|Any CPU.Build.0 = Release|Any CPU
	EndGlobalSection
	GlobalSection(SolutionProperties) = preSolution
		HideSolutionNode = FALSE
	EndGlobalSection
	GlobalSection(ExtensibilityGlobals) = postSolution
		SolutionGuid = {51017754-4C46-48D3-8945-CB62B7702675}
	EndGlobalSection
EndGlobal
