
Microsoft Visual Studio Solution File, Format Version 12.00
# Visual Studio Version 16
VisualStudioVersion = 16.0.32106.194
MinimumVisualStudioVersion = 10.0.40219.1
Project("{FAE04EC0-301F-11D3-BF4B-00C04F79EFBC}") = "Lab01", "Lab01\Lab01.csproj", "{4CCDB6EF-B3AE-41E3-AEE2-33D609CDAF38}"
EndProject
Global
	GlobalSection(SolutionConfigurationPlatforms) = preSolution
		Debug|Any CPU = Debug|Any CPU
		Release|Any CPU = Release|Any CPU
	EndGlobalSection
	GlobalSection(ProjectConfigurationPlatforms) = postSolution
		{4CCDB6EF-B3AE-41E3-AEE2-33D609CDAF38}.Debug|Any CPU.ActiveCfg = Debug|Any CPU
		{4CCDB6EF-B3AE-41E3-AEE2-33D609CDAF38}.Debug|Any CPU.Build.0 = Debug|Any CPU
		{4CCDB6EF-B3AE-41E3-AEE2-33D609CDAF38}.Release|Any CPU.ActiveCfg = Release|Any CPU
		{4CCDB6EF-B3AE-41E3-AEE2-33D609CDAF38}.Release|Any CPU.Build.0 = Release|Any CPU
	EndGlobalSection
	GlobalSection(SolutionProperties) = preSolution
		HideSolutionNode = FALSE
	EndGlobalSection
	GlobalSection(ExtensibilityGlobals) = postSolution
		SolutionGuid = {1B330DB7-1D62-4BBB-A0FD-CB899ECC9C9C}
	EndGlobalSection
EndGlobal
